
Microsoft Visual Studio Solution File, Format Version 12.00
# Visual Studio 15
VisualStudioVersion = 15.0.26403.0
MinimumVisualStudioVersion = 10.0.40219.1
Project("{FAE04EC0-301F-11D3-BF4B-00C04F79EFBC}") = "CalcStatsKata", "CalcStatsKata\CalcStatsKata.csproj", "{36B22E5E-4B62-4027-8BFF-2ACADBD36259}"
EndProject
Project("{FAE04EC0-301F-11D3-BF4B-00C04F79EFBC}") = "CalcStatsKata.Tests", "CalcStatsKata.Tests\CalcStatsKata.Tests.csproj", "{64E060A0-ED8D-422B-8795-F308AB3D6B80}"
EndProject
Global
	GlobalSection(SolutionConfigurationPlatforms) = preSolution
		Debug|Any CPU = Debug|Any CPU
		Release|Any CPU = Release|Any CPU
	EndGlobalSection
	GlobalSection(ProjectConfigurationPlatforms) = postSolution
		{36B22E5E-4B62-4027-8BFF-2ACADBD36259}.Debug|Any CPU.ActiveCfg = Debug|Any CPU
		{36B22E5E-4B62-4027-8BFF-2ACADBD36259}.Debug|Any CPU.Build.0 = Debug|Any CPU
		{36B22E5E-4B62-4027-8BFF-2ACADBD36259}.Release|Any CPU.ActiveCfg = Release|Any CPU
		{36B22E5E-4B62-4027-8BFF-2ACADBD36259}.Release|Any CPU.Build.0 = Release|Any CPU
		{64E060A0-ED8D-422B-8795-F308AB3D6B80}.Debug|Any CPU.ActiveCfg = Debug|Any CPU
		{64E060A0-ED8D-422B-8795-F308AB3D6B80}.Debug|Any CPU.Build.0 = Debug|Any CPU
		{64E060A0-ED8D-422B-8795-F308AB3D6B80}.Release|Any CPU.ActiveCfg = Release|Any CPU
		{64E060A0-ED8D-422B-8795-F308AB3D6B80}.Release|Any CPU.Build.0 = Release|Any CPU
	EndGlobalSection
	GlobalSection(SolutionProperties) = preSolution
		HideSolutionNode = FALSE
	EndGlobalSection
EndGlobal
